
Microsoft Visual Studio Solution File, Format Version 12.00
# Visual Studio Version 16
VisualStudioVersion = 16.0.31105.61
MinimumVisualStudioVersion = 10.0.40219.1
Project("{FAE04EC0-301F-11D3-BF4B-00C04F79EFBC}") = "Backend", "Backend.csproj", "{66309D9E-BE92-4155-949E-E8FAE2D415FA}"
EndProject
Global
	GlobalSection(SolutionConfigurationPlatforms) = preSolution
		Debug|Any CPU = Debug|Any CPU
		Release|Any CPU = Release|Any CPU
	EndGlobalSection
	GlobalSection(ProjectConfigurationPlatforms) = postSolution
		{66309D9E-BE92-4155-949E-E8FAE2D415FA}.Debug|Any CPU.ActiveCfg = Debug|Any CPU
		{66309D9E-BE92-4155-949E-E8FAE2D415FA}.Debug|Any CPU.Build.0 = Debug|Any CPU
		{66309D9E-BE92-4155-949E-E8FAE2D415FA}.Release|Any CPU.ActiveCfg = Release|Any CPU
		{66309D9E-BE92-4155-949E-E8FAE2D415FA}.Release|Any CPU.Build.0 = Release|Any CPU
	EndGlobalSection
	GlobalSection(SolutionProperties) = preSolution
		HideSolutionNode = FALSE
	EndGlobalSection
	GlobalSection(ExtensibilityGlobals) = postSolution
		SolutionGuid = {6AB1B984-C98D-4E39-9AAB-091B6BA988FA}
	EndGlobalSection
EndGlobal
